// !$*UTF8*$!
{
	archiveVersion = 1;
	classes = {
	};
	objectVersion = 56;
	objects = {

/* Begin PBXBuildFile section */
		6BA17D232C41070300BB6DDD /* AppDelegate.swift in Sources */ = {isa = PBXBuildFile; fileRef = 6BA17D222C41070300BB6DDD /* AppDelegate.swift */; };
		6BA17D252C41070300BB6DDD /* SceneDelegate.swift in Sources */ = {isa = PBXBuildFile; fileRef = 6BA17D242C41070300BB6DDD /* SceneDelegate.swift */; };
		6BA17D272C41070300BB6DDD /* ViewController.swift in Sources */ = {isa = PBXBuildFile; fileRef = 6BA17D262C41070300BB6DDD /* ViewController.swift */; };
		6BA17D2C2C41070700BB6DDD /* Assets.xcassets in Resources */ = {isa = PBXBuildFile; fileRef = 6BA17D2B2C41070700BB6DDD /* Assets.xcassets */; };
		6BA17D2F2C41070700BB6DDD /* Base in Resources */ = {isa = PBXBuildFile; fileRef = 6BA17D2E2C41070700BB6DDD /* Base */; };
		6BA17D382C41073100BB6DDD /* SnapKit in Frameworks */ = {isa = PBXBuildFile; productRef = 6BA17D372C41073100BB6DDD /* SnapKit */; };
		6BA17D3D2C411DE700BB6DDD /* Pokemon.swift in Sources */ = {isa = PBXBuildFile; fileRef = 6BA17D3C2C411DE700BB6DDD /* Pokemon.swift */; };
		6BA17D3F2C41226D00BB6DDD /* TableViewCell.swift in Sources */ = {isa = PBXBuildFile; fileRef = 6BA17D3E2C41226D00BB6DDD /* TableViewCell.swift */; };
		6BA17D412C41584500BB6DDD /* UserInfo.swift in Sources */ = {isa = PBXBuildFile; fileRef = 6BA17D402C41584500BB6DDD /* UserInfo.swift */; };
		6BA17D452C45150B00BB6DDD /* MainView.swift in Sources */ = {isa = PBXBuildFile; fileRef = 6BA17D442C45150B00BB6DDD /* MainView.swift */; };
		6BA17D472C455DF200BB6DDD /* AdditionController.swift in Sources */ = {isa = PBXBuildFile; fileRef = 6BA17D462C455DF200BB6DDD /* AdditionController.swift */; };
		6BA17D492C4563D900BB6DDD /* AdditionView.swift in Sources */ = {isa = PBXBuildFile; fileRef = 6BA17D482C4563D900BB6DDD /* AdditionView.swift */; };
/* End PBXBuildFile section */

/* Begin PBXFileReference section */
		6BA17D1F2C41070300BB6DDD /* DSContactApp.app */ = {isa = PBXFileReference; explicitFileType = wrapper.application; includeInIndex = 0; path = DSContactApp.app; sourceTree = BUILT_PRODUCTS_DIR; };
		6BA17D222C41070300BB6DDD /* AppDelegate.swift */ = {isa = PBXFileReference; lastKnownFileType = sourcecode.swift; path = AppDelegate.swift; sourceTree = "<group>"; };
		6BA17D242C41070300BB6DDD /* SceneDelegate.swift */ = {isa = PBXFileReference; lastKnownFileType = sourcecode.swift; path = SceneDelegate.swift; sourceTree = "<group>"; };
		6BA17D262C41070300BB6DDD /* ViewController.swift */ = {isa = PBXFileReference; lastKnownFileType = sourcecode.swift; path = ViewController.swift; sourceTree = "<group>"; };
		6BA17D2B2C41070700BB6DDD /* Assets.xcassets */ = {isa = PBXFileReference; lastKnownFileType = folder.assetcatalog; path = Assets.xcassets; sourceTree = "<group>"; };
		6BA17D2E2C41070700BB6DDD /* Base */ = {isa = PBXFileReference; lastKnownFileType = file.storyboard; name = Base; path = Base.lproj/LaunchScreen.storyboard; sourceTree = "<group>"; };
		6BA17D302C41070700BB6DDD /* Info.plist */ = {isa = PBXFileReference; lastKnownFileType = text.plist.xml; path = Info.plist; sourceTree = "<group>"; };
		6BA17D3C2C411DE700BB6DDD /* Pokemon.swift */ = {isa = PBXFileReference; lastKnownFileType = sourcecode.swift; path = Pokemon.swift; sourceTree = "<group>"; };
		6BA17D3E2C41226D00BB6DDD /* TableViewCell.swift */ = {isa = PBXFileReference; lastKnownFileType = sourcecode.swift; path = TableViewCell.swift; sourceTree = "<group>"; };
		6BA17D402C41584500BB6DDD /* UserInfo.swift */ = {isa = PBXFileReference; lastKnownFileType = sourcecode.swift; path = UserInfo.swift; sourceTree = "<group>"; };
		6BA17D442C45150B00BB6DDD /* MainView.swift */ = {isa = PBXFileReference; lastKnownFileType = sourcecode.swift; path = MainView.swift; sourceTree = "<group>"; };
		6BA17D462C455DF200BB6DDD /* AdditionController.swift */ = {isa = PBXFileReference; lastKnownFileType = sourcecode.swift; path = AdditionController.swift; sourceTree = "<group>"; };
		6BA17D482C4563D900BB6DDD /* AdditionView.swift */ = {isa = PBXFileReference; lastKnownFileType = sourcecode.swift; path = AdditionView.swift; sourceTree = "<group>"; };
/* End PBXFileReference section */

/* Begin PBXFrameworksBuildPhase section */
		6BA17D1C2C41070300BB6DDD /* Frameworks */ = {
			isa = PBXFrameworksBuildPhase;
			buildActionMask = 2147483647;
			files = (
				6BA17D382C41073100BB6DDD /* SnapKit in Frameworks */,
			);
			runOnlyForDeploymentPostprocessing = 0;
		};
/* End PBXFrameworksBuildPhase section */

/* Begin PBXGroup section */
		6BA17D162C41070300BB6DDD = {
			isa = PBXGroup;
			children = (
				6BA17D212C41070300BB6DDD /* DSContactApp */,
				6BA17D202C41070300BB6DDD /* Products */,
			);
			sourceTree = "<group>";
		};
		6BA17D202C41070300BB6DDD /* Products */ = {
			isa = PBXGroup;
			children = (
				6BA17D1F2C41070300BB6DDD /* DSContactApp.app */,
			);
			name = Products;
			sourceTree = "<group>";
		};
		6BA17D212C41070300BB6DDD /* DSContactApp */ = {
			isa = PBXGroup;
			children = (
				6BA17D222C41070300BB6DDD /* AppDelegate.swift */,
				6BA17D242C41070300BB6DDD /* SceneDelegate.swift */,
				6BA17D392C4107CB00BB6DDD /* Model */,
				6BA17D3A2C4107D000BB6DDD /* View */,
				6BA17D3B2C4107D500BB6DDD /* Controller */,
				6BA17D2B2C41070700BB6DDD /* Assets.xcassets */,
				6BA17D2D2C41070700BB6DDD /* LaunchScreen.storyboard */,
				6BA17D302C41070700BB6DDD /* Info.plist */,
			);
			path = DSContactApp;
			sourceTree = "<group>";
		};
		6BA17D392C4107CB00BB6DDD /* Model */ = {
			isa = PBXGroup;
			children = (
				6BA17D3C2C411DE700BB6DDD /* Pokemon.swift */,
				6BA17D402C41584500BB6DDD /* UserInfo.swift */,
			);
			path = Model;
			sourceTree = "<group>";
		};
		6BA17D3A2C4107D000BB6DDD /* View */ = {
			isa = PBXGroup;
			children = (
				6BA17D3E2C41226D00BB6DDD /* TableViewCell.swift */,
				6BA17D442C45150B00BB6DDD /* MainView.swift */,
				6BA17D482C4563D900BB6DDD /* AdditionView.swift */,
			);
			path = View;
			sourceTree = "<group>";
		};
		6BA17D3B2C4107D500BB6DDD /* Controller */ = {
			isa = PBXGroup;
			children = (
				6BA17D262C41070300BB6DDD /* ViewController.swift */,
				6BA17D462C455DF200BB6DDD /* AdditionController.swift */,
			);
			path = Controller;
			sourceTree = "<group>";
		};
/* End PBXGroup section */

/* Begin PBXNativeTarget section */
		6BA17D1E2C41070300BB6DDD /* DSContactApp */ = {
			isa = PBXNativeTarget;
			buildConfigurationList = 6BA17D332C41070700BB6DDD /* Build configuration list for PBXNativeTarget "DSContactApp" */;
			buildPhases = (
				6BA17D1B2C41070300BB6DDD /* Sources */,
				6BA17D1C2C41070300BB6DDD /* Frameworks */,
				6BA17D1D2C41070300BB6DDD /* Resources */,
			);
			buildRules = (
			);
			dependencies = (
			);
			name = DSContactApp;
			packageProductDependencies = (
				6BA17D372C41073100BB6DDD /* SnapKit */,
			);
			productName = DSContactApp;
			productReference = 6BA17D1F2C41070300BB6DDD /* DSContactApp.app */;
			productType = "com.apple.product-type.application";
		};
/* End PBXNativeTarget section */

/* Begin PBXProject section */
		6BA17D172C41070300BB6DDD /* Project object */ = {
			isa = PBXProject;
			attributes = {
				BuildIndependentTargetsInParallel = 1;
				LastSwiftUpdateCheck = 1540;
				LastUpgradeCheck = 1540;
				TargetAttributes = {
					6BA17D1E2C41070300BB6DDD = {
						CreatedOnToolsVersion = 15.4;
					};
				};
			};
			buildConfigurationList = 6BA17D1A2C41070300BB6DDD /* Build configuration list for PBXProject "DSContactApp" */;
			compatibilityVersion = "Xcode 14.0";
			developmentRegion = en;
			hasScannedForEncodings = 0;
			knownRegions = (
				en,
				Base,
			);
			mainGroup = 6BA17D162C41070300BB6DDD;
			packageReferences = (
				6BA17D362C41073100BB6DDD /* XCRemoteSwiftPackageReference "SnapKit" */,
			);
			productRefGroup = 6BA17D202C41070300BB6DDD /* Products */;
			projectDirPath = "";
			projectRoot = "";
			targets = (
				6BA17D1E2C41070300BB6DDD /* DSContactApp */,
			);
		};
/* End PBXProject section */

/* Begin PBXResourcesBuildPhase section */
		6BA17D1D2C41070300BB6DDD /* Resources */ = {
			isa = PBXResourcesBuildPhase;
			buildActionMask = 2147483647;
			files = (
				6BA17D2C2C41070700BB6DDD /* Assets.xcassets in Resources */,
				6BA17D2F2C41070700BB6DDD /* Base in Resources */,
			);
			runOnlyForDeploymentPostprocessing = 0;
		};
/* End PBXResourcesBuildPhase section */

/* Begin PBXSourcesBuildPhase section */
		6BA17D1B2C41070300BB6DDD /* Sources */ = {
			isa = PBXSourcesBuildPhase;
			buildActionMask = 2147483647;
			files = (
				6BA17D3F2C41226D00BB6DDD /* TableViewCell.swift in Sources */,
				6BA17D452C45150B00BB6DDD /* MainView.swift in Sources */,
				6BA17D272C41070300BB6DDD /* ViewController.swift in Sources */,
				6BA17D472C455DF200BB6DDD /* AdditionController.swift in Sources */,
				6BA17D3D2C411DE700BB6DDD /* Pokemon.swift in Sources */,
				6BA17D232C41070300BB6DDD /* AppDelegate.swift in Sources */,
				6BA17D412C41584500BB6DDD /* UserInfo.swift in Sources */,
				6BA17D252C41070300BB6DDD /* SceneDelegate.swift in Sources */,
				6BA17D492C4563D900BB6DDD /* AdditionView.swift in Sources */,
			);
			runOnlyForDeploymentPostprocessing = 0;
		};
/* End PBXSourcesBuildPhase section */

/* Begin PBXVariantGroup section */
		6BA17D2D2C41070700BB6DDD /* LaunchScreen.storyboard */ = {
			isa = PBXVariantGroup;
			children = (
				6BA17D2E2C41070700BB6DDD /* Base */,
			);
			name = LaunchScreen.storyboard;
			sourceTree = "<group>";
		};
/* End PBXVariantGroup section */

/* Begin XCBuildConfiguration section */
		6BA17D312C41070700BB6DDD /* Debug */ = {
			isa = XCBuildConfiguration;
			buildSettings = {
				ALWAYS_SEARCH_USER_PATHS = NO;
				ASSETCATALOG_COMPILER_GENERATE_SWIFT_ASSET_SYMBOL_EXTENSIONS = YES;
				CLANG_ANALYZER_NONNULL = YES;
				CLANG_ANALYZER_NUMBER_OBJECT_CONVERSION = YES_AGGRESSIVE;
				CLANG_CXX_LANGUAGE_STANDARD = "gnu++20";
				CLANG_ENABLE_MODULES = YES;
				CLANG_ENABLE_OBJC_ARC = YES;
				CLANG_ENABLE_OBJC_WEAK = YES;
				CLANG_WARN_BLOCK_CAPTURE_AUTORELEASING = YES;
				CLANG_WARN_BOOL_CONVERSION = YES;
				CLANG_WARN_COMMA = YES;
				CLANG_WARN_CONSTANT_CONVERSION = YES;
				CLANG_WARN_DEPRECATED_OBJC_IMPLEMENTATIONS = YES;
				CLANG_WARN_DIRECT_OBJC_ISA_USAGE = YES_ERROR;
				CLANG_WARN_DOCUMENTATION_COMMENTS = YES;
				CLANG_WARN_EMPTY_BODY = YES;
				CLANG_WARN_ENUM_CONVERSION = YES;
				CLANG_WARN_INFINITE_RECURSION = YES;
				CLANG_WARN_INT_CONVERSION = YES;
				CLANG_WARN_NON_LITERAL_NULL_CONVERSION = YES;
				CLANG_WARN_OBJC_IMPLICIT_RETAIN_SELF = YES;
				CLANG_WARN_OBJC_LITERAL_CONVERSION = YES;
				CLANG_WARN_OBJC_ROOT_CLASS = YES_ERROR;
				CLANG_WARN_QUOTED_INCLUDE_IN_FRAMEWORK_HEADER = YES;
				CLANG_WARN_RANGE_LOOP_ANALYSIS = YES;
				CLANG_WARN_STRICT_PROTOTYPES = YES;
				CLANG_WARN_SUSPICIOUS_MOVE = YES;
				CLANG_WARN_UNGUARDED_AVAILABILITY = YES_AGGRESSIVE;
				CLANG_WARN_UNREACHABLE_CODE = YES;
				CLANG_WARN__DUPLICATE_METHOD_MATCH = YES;
				COPY_PHASE_STRIP = NO;
				DEBUG_INFORMATION_FORMAT = dwarf;
				ENABLE_STRICT_OBJC_MSGSEND = YES;
				ENABLE_TESTABILITY = YES;
				ENABLE_USER_SCRIPT_SANDBOXING = YES;
				GCC_C_LANGUAGE_STANDARD = gnu17;
				GCC_DYNAMIC_NO_PIC = NO;
				GCC_NO_COMMON_BLOCKS = YES;
				GCC_OPTIMIZATION_LEVEL = 0;
				GCC_PREPROCESSOR_DEFINITIONS = (
					"DEBUG=1",
					"$(inherited)",
				);
				GCC_WARN_64_TO_32_BIT_CONVERSION = YES;
				GCC_WARN_ABOUT_RETURN_TYPE = YES_ERROR;
				GCC_WARN_UNDECLARED_SELECTOR = YES;
				GCC_WARN_UNINITIALIZED_AUTOS = YES_AGGRESSIVE;
				GCC_WARN_UNUSED_FUNCTION = YES;
				GCC_WARN_UNUSED_VARIABLE = YES;
				IPHONEOS_DEPLOYMENT_TARGET = 17.5;
				LOCALIZATION_PREFERS_STRING_CATALOGS = YES;
				MTL_ENABLE_DEBUG_INFO = INCLUDE_SOURCE;
				MTL_FAST_MATH = YES;
				ONLY_ACTIVE_ARCH = YES;
				SDKROOT = iphoneos;
				SWIFT_ACTIVE_COMPILATION_CONDITIONS = "DEBUG $(inherited)";
				SWIFT_OPTIMIZATION_LEVEL = "-Onone";
			};
			name = Debug;
		};
		6BA17D322C41070700BB6DDD /* Release */ = {
			isa = XCBuildConfiguration;
			buildSettings = {
				ALWAYS_SEARCH_USER_PATHS = NO;
				ASSETCATALOG_COMPILER_GENERATE_SWIFT_ASSET_SYMBOL_EXTENSIONS = YES;
				CLANG_ANALYZER_NONNULL = YES;
				CLANG_ANALYZER_NUMBER_OBJECT_CONVERSION = YES_AGGRESSIVE;
				CLANG_CXX_LANGUAGE_STANDARD = "gnu++20";
				CLANG_ENABLE_MODULES = YES;
				CLANG_ENABLE_OBJC_ARC = YES;
				CLANG_ENABLE_OBJC_WEAK = YES;
				CLANG_WARN_BLOCK_CAPTURE_AUTORELEASING = YES;
				CLANG_WARN_BOOL_CONVERSION = YES;
				CLANG_WARN_COMMA = YES;
				CLANG_WARN_CONSTANT_CONVERSION = YES;
				CLANG_WARN_DEPRECATED_OBJC_IMPLEMENTATIONS = YES;
				CLANG_WARN_DIRECT_OBJC_ISA_USAGE = YES_ERROR;
				CLANG_WARN_DOCUMENTATION_COMMENTS = YES;
				CLANG_WARN_EMPTY_BODY = YES;
				CLANG_WARN_ENUM_CONVERSION = YES;
				CLANG_WARN_INFINITE_RECURSION = YES;
				CLANG_WARN_INT_CONVERSION = YES;
				CLANG_WARN_NON_LITERAL_NULL_CONVERSION = YES;
				CLANG_WARN_OBJC_IMPLICIT_RETAIN_SELF = YES;
				CLANG_WARN_OBJC_LITERAL_CONVERSION = YES;
				CLANG_WARN_OBJC_ROOT_CLASS = YES_ERROR;
				CLANG_WARN_QUOTED_INCLUDE_IN_FRAMEWORK_HEADER = YES;
				CLANG_WARN_RANGE_LOOP_ANALYSIS = YES;
				CLANG_WARN_STRICT_PROTOTYPES = YES;
				CLANG_WARN_SUSPICIOUS_MOVE = YES;
				CLANG_WARN_UNGUARDED_AVAILABILITY = YES_AGGRESSIVE;
				CLANG_WARN_UNREACHABLE_CODE = YES;
				CLANG_WARN__DUPLICATE_METHOD_MATCH = YES;
				COPY_PHASE_STRIP = NO;
				DEBUG_INFORMATION_FORMAT = "dwarf-with-dsym";
				ENABLE_NS_ASSERTIONS = NO;
				ENABLE_STRICT_OBJC_MSGSEND = YES;
				ENABLE_USER_SCRIPT_SANDBOXING = YES;
				GCC_C_LANGUAGE_STANDARD = gnu17;
				GCC_NO_COMMON_BLOCKS = YES;
				GCC_WARN_64_TO_32_BIT_CONVERSION = YES;
				GCC_WARN_ABOUT_RETURN_TYPE = YES_ERROR;
				GCC_WARN_UNDECLARED_SELECTOR = YES;
				GCC_WARN_UNINITIALIZED_AUTOS = YES_AGGRESSIVE;
				GCC_WARN_UNUSED_FUNCTION = YES;
				GCC_WARN_UNUSED_VARIABLE = YES;
				IPHONEOS_DEPLOYMENT_TARGET = 17.5;
				LOCALIZATION_PREFERS_STRING_CATALOGS = YES;
				MTL_ENABLE_DEBUG_INFO = NO;
				MTL_FAST_MATH = YES;
				SDKROOT = iphoneos;
				SWIFT_COMPILATION_MODE = wholemodule;
				VALIDATE_PRODUCT = YES;
			};
			name = Release;
		};
		6BA17D342C41070700BB6DDD /* Debug */ = {
			isa = XCBuildConfiguration;
			buildSettings = {
				ASSETCATALOG_COMPILER_APPICON_NAME = AppIcon;
				ASSETCATALOG_COMPILER_GLOBAL_ACCENT_COLOR_NAME = AccentColor;
				CODE_SIGN_STYLE = Automatic;
				CURRENT_PROJECT_VERSION = 1;
				GENERATE_INFOPLIST_FILE = YES;
				INFOPLIST_FILE = DSContactApp/Info.plist;
				INFOPLIST_KEY_UIApplicationSupportsIndirectInputEvents = YES;
				INFOPLIST_KEY_UILaunchStoryboardName = LaunchScreen;
				INFOPLIST_KEY_UISupportedInterfaceOrientations_iPad = "UIInterfaceOrientationPortrait UIInterfaceOrientationPortraitUpsideDown UIInterfaceOrientationLandscapeLeft UIInterfaceOrientationLandscapeRight";
				INFOPLIST_KEY_UISupportedInterfaceOrientations_iPhone = "UIInterfaceOrientationPortrait UIInterfaceOrientationLandscapeLeft UIInterfaceOrientationLandscapeRight";
				LD_RUNPATH_SEARCH_PATHS = (
					"$(inherited)",
					"@executable_path/Frameworks",
				);
				MARKETING_VERSION = 1.0;
				PRODUCT_BUNDLE_IDENTIFIER = com.daesung.DSContactApp;
				PRODUCT_NAME = "$(TARGET_NAME)";
				SWIFT_EMIT_LOC_STRINGS = YES;
				SWIFT_VERSION = 5.0;
				TARGETED_DEVICE_FAMILY = "1,2";
			};
			name = Debug;
		};
		6BA17D352C41070700BB6DDD /* Release */ = {
			isa = XCBuildConfiguration;
			buildSettings = {
				ASSETCATALOG_COMPILER_APPICON_NAME = AppIcon;
				ASSETCATALOG_COMPILER_GLOBAL_ACCENT_COLOR_NAME = AccentColor;
				CODE_SIGN_STYLE = Automatic;
				CURRENT_PROJECT_VERSION = 1;
				GENERATE_INFOPLIST_FILE = YES;
				INFOPLIST_FILE = DSContactApp/Info.plist;
				INFOPLIST_KEY_UIApplicationSupportsIndirectInputEvents = YES;
				INFOPLIST_KEY_UILaunchStoryboardName = LaunchScreen;
				INFOPLIST_KEY_UISupportedInterfaceOrientations_iPad = "UIInterfaceOrientationPortrait UIInterfaceOrientationPortraitUpsideDown UIInterfaceOrientationLandscapeLeft UIInterfaceOrientationLandscapeRight";
				INFOPLIST_KEY_UISupportedInterfaceOrientations_iPhone = "UIInterfaceOrientationPortrait UIInterfaceOrientationLandscapeLeft UIInterfaceOrientationLandscapeRight";
				LD_RUNPATH_SEARCH_PATHS = (
					"$(inherited)",
					"@executable_path/Frameworks",
				);
				MARKETING_VERSION = 1.0;
				PRODUCT_BUNDLE_IDENTIFIER = com.daesung.DSContactApp;
				PRODUCT_NAME = "$(TARGET_NAME)";
				SWIFT_EMIT_LOC_STRINGS = YES;
				SWIFT_VERSION = 5.0;
				TARGETED_DEVICE_FAMILY = "1,2";
			};
			name = Release;
		};
/* End XCBuildConfiguration section */

/* Begin XCConfigurationList section */
		6BA17D1A2C41070300BB6DDD /* Build configuration list for PBXProject "DSContactApp" */ = {
			isa = XCConfigurationList;
			buildConfigurations = (
				6BA17D312C41070700BB6DDD /* Debug */,
				6BA17D322C41070700BB6DDD /* Release */,
			);
			defaultConfigurationIsVisible = 0;
			defaultConfigurationName = Release;
		};
		6BA17D332C41070700BB6DDD /* Build configuration list for PBXNativeTarget "DSContactApp" */ = {
			isa = XCConfigurationList;
			buildConfigurations = (
				6BA17D342C41070700BB6DDD /* Debug */,
				6BA17D352C41070700BB6DDD /* Release */,
			);
			defaultConfigurationIsVisible = 0;
			defaultConfigurationName = Release;
		};
/* End XCConfigurationList section */

/* Begin XCRemoteSwiftPackageReference section */
		6BA17D362C41073100BB6DDD /* XCRemoteSwiftPackageReference "SnapKit" */ = {
			isa = XCRemoteSwiftPackageReference;
			repositoryURL = "https://github.com/SnapKit/SnapKit.git";
			requirement = {
				kind = upToNextMajorVersion;
				minimumVersion = 5.7.1;
			};
		};
/* End XCRemoteSwiftPackageReference section */

/* Begin XCSwiftPackageProductDependency section */
		6BA17D372C41073100BB6DDD /* SnapKit */ = {
			isa = XCSwiftPackageProductDependency;
			package = 6BA17D362C41073100BB6DDD /* XCRemoteSwiftPackageReference "SnapKit" */;
			productName = SnapKit;
		};
/* End XCSwiftPackageProductDependency section */
	};
	rootObject = 6BA17D172C41070300BB6DDD /* Project object */;
}
